{
  "lockfileVersion": 1,
  "configVersion": 1,
  "workspaces": {
    "": {
      "name": "vobase",
      "dependencies": {
        "drizzle-orm": "^0.45.1",
        "nanoid": "^5.1.6",
      },
      "devDependencies": {
        "@biomejs/biome": "^2.4.4",
        "turbo": "^2.8.12",
        "typescript": "^5.9.3",
      },
    },
    "packages/cli": {
      "name": "@vobase/cli",
      "version": "0.1.0",
      "bin": {
        "vobase": "./dist/bin.js",
      },
      "dependencies": {
        "@vobase/core": "workspace:*",
      },
    },
    "packages/core": {
      "name": "@vobase/core",
      "version": "0.1.0",
    },
  },
  "packages": {
    "@biomejs/biome": ["@biomejs/biome@2.4.4", "", { "optionalDependencies": { "@biomejs/cli-darwin-arm64": "2.4.4", "@biomejs/cli-darwin-x64": "2.4.4", "@biomejs/cli-linux-arm64": "2.4.4", "@biomejs/cli-linux-arm64-musl": "2.4.4", "@biomejs/cli-linux-x64": "2.4.4", "@biomejs/cli-linux-x64-musl": "2.4.4", "@biomejs/cli-win32-arm64": "2.4.4", "@biomejs/cli-win32-x64": "2.4.4" }, "bin": { "biome": "bin/biome" } }, "sha512-tigwWS5KfJf0cABVd52NVaXyAVv4qpUXOWJ1rxFL8xF1RVoeS2q/LK+FHgYoKMclJCuRoCWAPy1IXaN9/mS61Q=="],

    "@biomejs/cli-darwin-arm64": ["@biomejs/cli-darwin-arm64@2.4.4", "", { "os": "darwin", "cpu": "arm64" }, "sha512-jZ+Xc6qvD6tTH5jM6eKX44dcbyNqJHssfl2nnwT6vma6B1sj7ZLTGIk6N5QwVBs5xGN52r3trk5fgd3sQ9We9A=="],

    "@biomejs/cli-darwin-x64": ["@biomejs/cli-darwin-x64@2.4.4", "", { "os": "darwin", "cpu": "x64" }, "sha512-Dh1a/+W+SUCXhEdL7TiX3ArPTFCQKJTI1mGncZNWfO+6suk+gYA4lNyJcBB+pwvF49uw0pEbUS49BgYOY4hzUg=="],

    "@biomejs/cli-linux-arm64": ["@biomejs/cli-linux-arm64@2.4.4", "", { "os": "linux", "cpu": "arm64" }, "sha512-V/NFfbWhsUU6w+m5WYbBenlEAz8eYnSqRMDMAW3K+3v0tYVkNyZn8VU0XPxk/lOqNXLSCCrV7FmV/u3SjCBShg=="],

    "@biomejs/cli-linux-arm64-musl": ["@biomejs/cli-linux-arm64-musl@2.4.4", "", { "os": "linux", "cpu": "arm64" }, "sha512-+sPAXq3bxmFwhVFJnSwkSF5Rw2ZAJMH3MF6C9IveAEOdSpgajPhoQhbbAK12SehN9j2QrHpk4J/cHsa/HqWaYQ=="],

    "@biomejs/cli-linux-x64": ["@biomejs/cli-linux-x64@2.4.4", "", { "os": "linux", "cpu": "x64" }, "sha512-R4+ZCDtG9kHArasyBO+UBD6jr/FcFCTH8QkNTOCu0pRJzCWyWC4EtZa2AmUZB5h3e0jD7bRV2KvrENcf8rndBg=="],

    "@biomejs/cli-linux-x64-musl": ["@biomejs/cli-linux-x64-musl@2.4.4", "", { "os": "linux", "cpu": "x64" }, "sha512-gGvFTGpOIQDb5CQ2VC0n9Z2UEqlP46c4aNgHmAMytYieTGEcfqhfCFnhs6xjt0S3igE6q5GLuIXtdQt3Izok+g=="],

    "@biomejs/cli-win32-arm64": ["@biomejs/cli-win32-arm64@2.4.4", "", { "os": "win32", "cpu": "arm64" }, "sha512-trzCqM7x+Gn832zZHgr28JoYagQNX4CZkUZhMUac2YxvvyDRLJDrb5m9IA7CaZLlX6lTQmADVfLEKP1et1Ma4Q=="],

    "@biomejs/cli-win32-x64": ["@biomejs/cli-win32-x64@2.4.4", "", { "os": "win32", "cpu": "x64" }, "sha512-gnOHKVPFAAPrpoPt2t+Q6FZ7RPry/FDV3GcpU53P3PtLNnQjBmKyN2Vh/JtqXet+H4pme8CC76rScwdjDcT1/A=="],

    "@vobase/cli": ["@vobase/cli@workspace:packages/cli"],

    "@vobase/core": ["@vobase/core@workspace:packages/core"],

    "drizzle-orm": ["drizzle-orm@0.45.1", "", { "peerDependencies": { "@aws-sdk/client-rds-data": ">=3", "@cloudflare/workers-types": ">=4", "@electric-sql/pglite": ">=0.2.0", "@libsql/client": ">=0.10.0", "@libsql/client-wasm": ">=0.10.0", "@neondatabase/serverless": ">=0.10.0", "@op-engineering/op-sqlite": ">=2", "@opentelemetry/api": "^1.4.1", "@planetscale/database": ">=1.13", "@prisma/client": "*", "@tidbcloud/serverless": "*", "@types/better-sqlite3": "*", "@types/pg": "*", "@types/sql.js": "*", "@upstash/redis": ">=1.34.7", "@vercel/postgres": ">=0.8.0", "@xata.io/client": "*", "better-sqlite3": ">=7", "bun-types": "*", "expo-sqlite": ">=14.0.0", "gel": ">=2", "knex": "*", "kysely": "*", "mysql2": ">=2", "pg": ">=8", "postgres": ">=3", "sql.js": ">=1", "sqlite3": ">=5" }, "optionalPeers": ["@aws-sdk/client-rds-data", "@cloudflare/workers-types", "@electric-sql/pglite", "@libsql/client", "@libsql/client-wasm", "@neondatabase/serverless", "@op-engineering/op-sqlite", "@opentelemetry/api", "@planetscale/database", "@prisma/client", "@tidbcloud/serverless", "@types/better-sqlite3", "@types/pg", "@types/sql.js", "@upstash/redis", "@vercel/postgres", "@xata.io/client", "better-sqlite3", "bun-types", "expo-sqlite", "gel", "knex", "kysely", "mysql2", "pg", "postgres", "sql.js", "sqlite3"] }, "sha512-Te0FOdKIistGNPMq2jscdqngBRfBpC8uMFVwqjf6gtTVJHIQ/dosgV/CLBU2N4ZJBsXL5savCba9b0YJskKdcA=="],

    "nanoid": ["nanoid@5.1.6", "", { "bin": { "nanoid": "bin/nanoid.js" } }, "sha512-c7+7RQ+dMB5dPwwCp4ee1/iV/q2P6aK1mTZcfr1BTuVlyW9hJYiMPybJCcnBlQtuSmTIWNeazm/zqNoZSSElBg=="],

    "turbo": ["turbo@2.8.12", "", { "optionalDependencies": { "turbo-darwin-64": "2.8.12", "turbo-darwin-arm64": "2.8.12", "turbo-linux-64": "2.8.12", "turbo-linux-arm64": "2.8.12", "turbo-windows-64": "2.8.12", "turbo-windows-arm64": "2.8.12" }, "bin": { "turbo": "bin/turbo" } }, "sha512-auUAMLmi0eJhxDhQrxzvuhfEbICnVt0CTiYQYY8WyRJ5nwCDZxD0JG8bCSxT4nusI2CwJzmZAay5BfF6LmK7Hw=="],

    "turbo-darwin-64": ["turbo-darwin-64@2.8.12", "", { "os": "darwin", "cpu": "x64" }, "sha512-EiHJmW2MeQQx+21x8hjMHw/uPhXt9PIxvDrxzOtyVwrXzL0tQmsxtO4qHf2l7uA+K6PUJ4+TjY1MHZDuCvWXrw=="],

    "turbo-darwin-arm64": ["turbo-darwin-arm64@2.8.12", "", { "os": "darwin", "cpu": "arm64" }, "sha512-cbqqGN0vd7ly2TeuaM8k9AK9u1CABO4kBA5KPSqovTiLL3sORccn/mZzJSbvQf0EsYRfU34MgW5FotfwW3kx8Q=="],

    "turbo-linux-64": ["turbo-linux-64@2.8.12", "", { "os": "linux", "cpu": "x64" }, "sha512-jXKw9j4r4q6s0goSXuKI3aKbQK2qiNeP25lGGEnq018TM6SWRW1CCpPMxyG91aCKrub7wDm/K45sGNT4ZFBcFQ=="],

    "turbo-linux-arm64": ["turbo-linux-arm64@2.8.12", "", { "os": "linux", "cpu": "arm64" }, "sha512-BRJCMdyXjyBoL0GYpvj9d2WNfMHwc3tKmJG5ATn2Efvil9LsiOsd/93/NxDqW0jACtHFNVOPnd/CBwXRPiRbwA=="],

    "turbo-windows-64": ["turbo-windows-64@2.8.12", "", { "os": "win32", "cpu": "x64" }, "sha512-vyFOlpFFzQFkikvSVhVkESEfzIopgs2J7J1rYvtSwSHQ4zmHxkC95Q8Kjkus8gg+8X2mZyP1GS5jirmaypGiPw=="],

    "turbo-windows-arm64": ["turbo-windows-arm64@2.8.12", "", { "os": "win32", "cpu": "arm64" }, "sha512-9nRnlw5DF0LkJClkIws1evaIF36dmmMEO84J5Uj4oQ8C0QTHwlH7DNe5Kq2Jdmu8GXESCNDNuUYG8Cx6W/vm3g=="],

    "typescript": ["typescript@5.9.3", "", { "bin": { "tsc": "bin/tsc", "tsserver": "bin/tsserver" } }, "sha512-jl1vZzPDinLr9eUt3J/t7V6FgNEw9QjvBPdysz9KfQDD41fQrC2Y4vKQdiaUpFT4bXlb1RHhLpp8wtm6M5TgSw=="],
  }
}
